
Microsoft Visual Studio Solution File, Format Version 12.00
# Visual Studio Version 17
VisualStudioVersion = 17.11.35208.52
MinimumVisualStudioVersion = 10.0.40219.1
Project("{FAE04EC0-301F-11D3-BF4B-00C04F79EFBC}") = "Laboratorio161", "Laboratorio161\Laboratorio161.csproj", "{9B864BFB-CA05-4E56-B749-FDA008953E21}"
EndProject
Global
	GlobalSection(SolutionConfigurationPlatforms) = preSolution
		Debug|Any CPU = Debug|Any CPU
		Release|Any CPU = Release|Any CPU
	EndGlobalSection
	GlobalSection(ProjectConfigurationPlatforms) = postSolution
		{9B864BFB-CA05-4E56-B749-FDA008953E21}.Debug|Any CPU.ActiveCfg = Debug|Any CPU
		{9B864BFB-CA05-4E56-B749-FDA008953E21}.Debug|Any CPU.Build.0 = Debug|Any CPU
		{9B864BFB-CA05-4E56-B749-FDA008953E21}.Release|Any CPU.ActiveCfg = Release|Any CPU
		{9B864BFB-CA05-4E56-B749-FDA008953E21}.Release|Any CPU.Build.0 = Release|Any CPU
	EndGlobalSection
	GlobalSection(SolutionProperties) = preSolution
		HideSolutionNode = FALSE
	EndGlobalSection
	GlobalSection(ExtensibilityGlobals) = postSolution
		SolutionGuid = {87488027-D979-4A4A-A2F7-23D130D431AA}
	EndGlobalSection
EndGlobal
