
Microsoft Visual Studio Solution File, Format Version 12.00
# Visual Studio Version 17
VisualStudioVersion = 17.11.35208.52
MinimumVisualStudioVersion = 10.0.40219.1
Project("{FAE04EC0-301F-11D3-BF4B-00C04F79EFBC}") = "Laboratorio61", "Laboratorio61\Laboratorio61.csproj", "{1B1CB6C5-1F6B-4F06-A0A7-EE50F97266DA}"
EndProject
Project("{FAE04EC0-301F-11D3-BF4B-00C04F79EFBC}") = "Laboratorio62", "Laboratorio62\Laboratorio62.csproj", "{96F39B93-5EA1-4539-9D16-54B098958258}"
EndProject
Project("{FAE04EC0-301F-11D3-BF4B-00C04F79EFBC}") = "Laboratorio63", "Laboratorio63\Laboratorio63.csproj", "{86B01893-7522-4214-BA09-A752AEFA3E93}"
EndProject
Project("{FAE04EC0-301F-11D3-BF4B-00C04F79EFBC}") = "Laboratorio64", "Laboratorio64\Laboratorio64.csproj", "{BF93B528-37CA-498E-B0C3-7713772D5E20}"
EndProject
Global
	GlobalSection(SolutionConfigurationPlatforms) = preSolution
		Debug|Any CPU = Debug|Any CPU
		Release|Any CPU = Release|Any CPU
	EndGlobalSection
	GlobalSection(ProjectConfigurationPlatforms) = postSolution
		{1B1CB6C5-1F6B-4F06-A0A7-EE50F97266DA}.Debug|Any CPU.ActiveCfg = Debug|Any CPU
		{1B1CB6C5-1F6B-4F06-A0A7-EE50F97266DA}.Debug|Any CPU.Build.0 = Debug|Any CPU
		{1B1CB6C5-1F6B-4F06-A0A7-EE50F97266DA}.Release|Any CPU.ActiveCfg = Release|Any CPU
		{1B1CB6C5-1F6B-4F06-A0A7-EE50F97266DA}.Release|Any CPU.Build.0 = Release|Any CPU
		{96F39B93-5EA1-4539-9D16-54B098958258}.Debug|Any CPU.ActiveCfg = Debug|Any CPU
		{96F39B93-5EA1-4539-9D16-54B098958258}.Debug|Any CPU.Build.0 = Debug|Any CPU
		{96F39B93-5EA1-4539-9D16-54B098958258}.Release|Any CPU.ActiveCfg = Release|Any CPU
		{96F39B93-5EA1-4539-9D16-54B098958258}.Release|Any CPU.Build.0 = Release|Any CPU
		{86B01893-7522-4214-BA09-A752AEFA3E93}.Debug|Any CPU.ActiveCfg = Debug|Any CPU
		{86B01893-7522-4214-BA09-A752AEFA3E93}.Debug|Any CPU.Build.0 = Debug|Any CPU
		{86B01893-7522-4214-BA09-A752AEFA3E93}.Release|Any CPU.ActiveCfg = Release|Any CPU
		{86B01893-7522-4214-BA09-A752AEFA3E93}.Release|Any CPU.Build.0 = Release|Any CPU
		{BF93B528-37CA-498E-B0C3-7713772D5E20}.Debug|Any CPU.ActiveCfg = Debug|Any CPU
		{BF93B528-37CA-498E-B0C3-7713772D5E20}.Debug|Any CPU.Build.0 = Debug|Any CPU
		{BF93B528-37CA-498E-B0C3-7713772D5E20}.Release|Any CPU.ActiveCfg = Release|Any CPU
		{BF93B528-37CA-498E-B0C3-7713772D5E20}.Release|Any CPU.Build.0 = Release|Any CPU
	EndGlobalSection
	GlobalSection(SolutionProperties) = preSolution
		HideSolutionNode = FALSE
	EndGlobalSection
	GlobalSection(ExtensibilityGlobals) = postSolution
		SolutionGuid = {5BBA2530-B937-4E01-B9E7-DD34F4B9A716}
	EndGlobalSection
EndGlobal
