
Microsoft Visual Studio Solution File, Format Version 12.00
# Visual Studio Version 17
VisualStudioVersion = 17.11.35208.52
MinimumVisualStudioVersion = 10.0.40219.1
Project("{FAE04EC0-301F-11D3-BF4B-00C04F79EFBC}") = "Laboratorio141", "Laboratorio141\Laboratorio141.csproj", "{5FF7C5A3-22B3-4291-90B6-8DE4B555B9F8}"
EndProject
Global
	GlobalSection(SolutionConfigurationPlatforms) = preSolution
		Debug|Any CPU = Debug|Any CPU
		Release|Any CPU = Release|Any CPU
	EndGlobalSection
	GlobalSection(ProjectConfigurationPlatforms) = postSolution
		{5FF7C5A3-22B3-4291-90B6-8DE4B555B9F8}.Debug|Any CPU.ActiveCfg = Debug|Any CPU
		{5FF7C5A3-22B3-4291-90B6-8DE4B555B9F8}.Debug|Any CPU.Build.0 = Debug|Any CPU
		{5FF7C5A3-22B3-4291-90B6-8DE4B555B9F8}.Release|Any CPU.ActiveCfg = Release|Any CPU
		{5FF7C5A3-22B3-4291-90B6-8DE4B555B9F8}.Release|Any CPU.Build.0 = Release|Any CPU
	EndGlobalSection
	GlobalSection(SolutionProperties) = preSolution
		HideSolutionNode = FALSE
	EndGlobalSection
	GlobalSection(ExtensibilityGlobals) = postSolution
		SolutionGuid = {0AE6AA5B-8B41-4123-A549-F534CCD2F92E}
	EndGlobalSection
EndGlobal
